// !$*UTF8*$!
{
	archiveVersion = 1;
	classes = {
	};
	objectVersion = 56;
	objects = {

/* Begin PBXBuildFile section */
		BD13679F2A8AB66C004DA374 /* withloveApp.swift in Sources */ = {isa = PBXBuildFile; fileRef = BD13679E2A8AB66C004DA374 /* withloveApp.swift */; };
		BD1367A12A8AB66C004DA374 /* ContentView.swift in Sources */ = {isa = PBXBuildFile; fileRef = BD1367A02A8AB66C004DA374 /* ContentView.swift */; };
		BD1367A32A8AB66D004DA374 /* Assets.xcassets in Resources */ = {isa = PBXBuildFile; fileRef = BD1367A22A8AB66D004DA374 /* Assets.xcassets */; };
		BD1367A62A8AB66D004DA374 /* Preview Assets.xcassets in Resources */ = {isa = PBXBuildFile; fileRef = BD1367A52A8AB66D004DA374 /* Preview Assets.xcassets */; };
		BD1367B02A8AB66D004DA374 /* withloveTests.swift in Sources */ = {isa = PBXBuildFile; fileRef = BD1367AF2A8AB66D004DA374 /* withloveTests.swift */; };
		BD1367BA2A8AB66D004DA374 /* withloveUITests.swift in Sources */ = {isa = PBXBuildFile; fileRef = BD1367B92A8AB66D004DA374 /* withloveUITests.swift */; };
		BD1367BC2A8AB66D004DA374 /* withloveUITestsLaunchTests.swift in Sources */ = {isa = PBXBuildFile; fileRef = BD1367BB2A8AB66D004DA374 /* withloveUITestsLaunchTests.swift */; };
		BD36EA5E2A8E6BDA0044BEA2 /* Starla.otf in Resources */ = {isa = PBXBuildFile; fileRef = BD36EA5D2A8E6BD90044BEA2 /* Starla.otf */; };
		BD36EA612A8E73270044BEA2 /* Stefiont-Regular.otf in Resources */ = {isa = PBXBuildFile; fileRef = BD36EA602A8E73270044BEA2 /* Stefiont-Regular.otf */; };
		BD36EA652A8E73A90044BEA2 /* Sansilk.otf in Resources */ = {isa = PBXBuildFile; fileRef = BD36EA642A8E73A90044BEA2 /* Sansilk.otf */; };
		BD36EA672A8E73FC0044BEA2 /* Dufanthe.otf in Resources */ = {isa = PBXBuildFile; fileRef = BD36EA662A8E73FC0044BEA2 /* Dufanthe.otf */; };
		BD36EA692A8E74980044BEA2 /* Farmhouse Children.otf in Resources */ = {isa = PBXBuildFile; fileRef = BD36EA682A8E74980044BEA2 /* Farmhouse Children.otf */; };
		BD36EA6B2A8E75270044BEA2 /* Curlings.ttf in Resources */ = {isa = PBXBuildFile; fileRef = BD36EA6A2A8E75270044BEA2 /* Curlings.ttf */; };
		BD55B5F82A8F9DEA0061C26B /* dufanthe in Resources */ = {isa = PBXBuildFile; fileRef = BD55B5F72A8F9DEA0061C26B /* dufanthe */; };
		BD55B5FA2A8F9DF50061C26B /* farmhouse_children in Resources */ = {isa = PBXBuildFile; fileRef = BD55B5F92A8F9DF50061C26B /* farmhouse_children */; };
		BD55B5FC2A8F9E060061C26B /* nevermind_handwritting in Resources */ = {isa = PBXBuildFile; fileRef = BD55B5FB2A8F9E060061C26B /* nevermind_handwritting */; };
		BD55B5FE2A8F9E130061C26B /* sansilk in Resources */ = {isa = PBXBuildFile; fileRef = BD55B5FD2A8F9E130061C26B /* sansilk */; };
		BD55B6002A8F9E1E0061C26B /* starla in Resources */ = {isa = PBXBuildFile; fileRef = BD55B5FF2A8F9E1E0061C26B /* starla */; };
		BD55B6022A8F9E2A0061C26B /* stefiont in Resources */ = {isa = PBXBuildFile; fileRef = BD55B6012A8F9E2A0061C26B /* stefiont */; };
		BD58F9F62A8D4F1100BB73DD /* LetterItem.swift in Sources */ = {isa = PBXBuildFile; fileRef = BD58F9F52A8D4F1100BB73DD /* LetterItem.swift */; };
		BD7177C12A8BD5FB0048B6E9 /* WriteView.swift in Sources */ = {isa = PBXBuildFile; fileRef = BD7177C02A8BD5FB0048B6E9 /* WriteView.swift */; };
		BD7177C32A8BD6060048B6E9 /* MyLettersView.swift in Sources */ = {isa = PBXBuildFile; fileRef = BD7177C22A8BD6060048B6E9 /* MyLettersView.swift */; };
		BD7177C52A8BD6100048B6E9 /* AboutUsView.swift in Sources */ = {isa = PBXBuildFile; fileRef = BD7177C42A8BD6100048B6E9 /* AboutUsView.swift */; };
		BD7177C72A8BD85D0048B6E9 /* WriteSecondView.swift in Sources */ = {isa = PBXBuildFile; fileRef = BD7177C62A8BD85D0048B6E9 /* WriteSecondView.swift */; };
		BD7A6D002A8E77F6000263E4 /* NeverMindHandwriting-Regular.ttf in Resources */ = {isa = PBXBuildFile; fileRef = BD7A6CFF2A8E77F6000263E4 /* NeverMindHandwriting-Regular.ttf */; };
		BD9142B32A8BD19D00F62896 /* ReadView.swift in Sources */ = {isa = PBXBuildFile; fileRef = BD9142B22A8BD19D00F62896 /* ReadView.swift */; };
		BDAE19BD2A8D12B000BD22B7 /* LetterOneView.swift in Sources */ = {isa = PBXBuildFile; fileRef = BDAE19BC2A8D12B000BD22B7 /* LetterOneView.swift */; };
		BDAE19BF2A8D12BC00BD22B7 /* LetterTwoView.swift in Sources */ = {isa = PBXBuildFile; fileRef = BDAE19BE2A8D12BC00BD22B7 /* LetterTwoView.swift */; };
		BDAE19C12A8D150300BD22B7 /* LetterThreeView.swift in Sources */ = {isa = PBXBuildFile; fileRef = BDAE19C02A8D150300BD22B7 /* LetterThreeView.swift */; };
		BDB7867D2A8C0A7A0059397A /* WriteThirdView.swift in Sources */ = {isa = PBXBuildFile; fileRef = BDB7867C2A8C0A7A0059397A /* WriteThirdView.swift */; };
		BDC619342A8EA42900703E76 /* WrittenLetterView.swift in Sources */ = {isa = PBXBuildFile; fileRef = BDC619332A8EA42900703E76 /* WrittenLetterView.swift */; };
/* End PBXBuildFile section */

/* Begin PBXContainerItemProxy section */
		BD1367AC2A8AB66D004DA374 /* PBXContainerItemProxy */ = {
			isa = PBXContainerItemProxy;
			containerPortal = BD1367932A8AB66C004DA374 /* Project object */;
			proxyType = 1;
			remoteGlobalIDString = BD13679A2A8AB66C004DA374;
			remoteInfo = withlove;
		};
		BD1367B62A8AB66D004DA374 /* PBXContainerItemProxy */ = {
			isa = PBXContainerItemProxy;
			containerPortal = BD1367932A8AB66C004DA374 /* Project object */;
			proxyType = 1;
			remoteGlobalIDString = BD13679A2A8AB66C004DA374;
			remoteInfo = withlove;
		};
/* End PBXContainerItemProxy section */

/* Begin PBXFileReference section */
		BD13679B2A8AB66C004DA374 /* withlove.app */ = {isa = PBXFileReference; explicitFileType = wrapper.application; includeInIndex = 0; path = withlove.app; sourceTree = BUILT_PRODUCTS_DIR; };
		BD13679E2A8AB66C004DA374 /* withloveApp.swift */ = {isa = PBXFileReference; lastKnownFileType = sourcecode.swift; path = withloveApp.swift; sourceTree = "<group>"; };
		BD1367A02A8AB66C004DA374 /* ContentView.swift */ = {isa = PBXFileReference; lastKnownFileType = sourcecode.swift; path = ContentView.swift; sourceTree = "<group>"; };
		BD1367A22A8AB66D004DA374 /* Assets.xcassets */ = {isa = PBXFileReference; lastKnownFileType = folder.assetcatalog; path = Assets.xcassets; sourceTree = "<group>"; };
		BD1367A52A8AB66D004DA374 /* Preview Assets.xcassets */ = {isa = PBXFileReference; lastKnownFileType = folder.assetcatalog; path = "Preview Assets.xcassets"; sourceTree = "<group>"; };
		BD1367AB2A8AB66D004DA374 /* withloveTests.xctest */ = {isa = PBXFileReference; explicitFileType = wrapper.cfbundle; includeInIndex = 0; path = withloveTests.xctest; sourceTree = BUILT_PRODUCTS_DIR; };
		BD1367AF2A8AB66D004DA374 /* withloveTests.swift */ = {isa = PBXFileReference; lastKnownFileType = sourcecode.swift; path = withloveTests.swift; sourceTree = "<group>"; };
		BD1367B52A8AB66D004DA374 /* withloveUITests.xctest */ = {isa = PBXFileReference; explicitFileType = wrapper.cfbundle; includeInIndex = 0; path = withloveUITests.xctest; sourceTree = BUILT_PRODUCTS_DIR; };
		BD1367B92A8AB66D004DA374 /* withloveUITests.swift */ = {isa = PBXFileReference; lastKnownFileType = sourcecode.swift; path = withloveUITests.swift; sourceTree = "<group>"; };
		BD1367BB2A8AB66D004DA374 /* withloveUITestsLaunchTests.swift */ = {isa = PBXFileReference; lastKnownFileType = sourcecode.swift; path = withloveUITestsLaunchTests.swift; sourceTree = "<group>"; };
		BD36EA5D2A8E6BD90044BEA2 /* Starla.otf */ = {isa = PBXFileReference; lastKnownFileType = file; name = Starla.otf; path = ../../../Downloads/starla/Starla.otf; sourceTree = "<group>"; };
		BD36EA5F2A8E6BEE0044BEA2 /* Info.plist */ = {isa = PBXFileReference; lastKnownFileType = text.plist; path = Info.plist; sourceTree = "<group>"; };
		BD36EA602A8E73270044BEA2 /* Stefiont-Regular.otf */ = {isa = PBXFileReference; lastKnownFileType = file; name = "Stefiont-Regular.otf"; path = "../../../Downloads/stefiont/Stefiont-Regular.otf"; sourceTree = "<group>"; };
		BD36EA642A8E73A90044BEA2 /* Sansilk.otf */ = {isa = PBXFileReference; lastKnownFileType = file; name = Sansilk.otf; path = ../../../Downloads/sansilk/Sansilk.otf; sourceTree = "<group>"; };
		BD36EA662A8E73FC0044BEA2 /* Dufanthe.otf */ = {isa = PBXFileReference; lastKnownFileType = file; name = Dufanthe.otf; path = ../../../Downloads/dufanthe/Dufanthe.otf; sourceTree = "<group>"; };
		BD36EA682A8E74980044BEA2 /* Farmhouse Children.otf */ = {isa = PBXFileReference; lastKnownFileType = file; name = "Farmhouse Children.otf"; path = "../../../Downloads/farmhouse_children/Farmhouse Children.otf"; sourceTree = "<group>"; };
		BD36EA6A2A8E75270044BEA2 /* Curlings.ttf */ = {isa = PBXFileReference; lastKnownFileType = file; name = Curlings.ttf; path = ../../../Downloads/Curlings.ttf; sourceTree = "<group>"; };
		BD55B5F72A8F9DEA0061C26B /* dufanthe */ = {isa = PBXFileReference; lastKnownFileType = folder; name = dufanthe; path = ../../../../Downloads/dufanthe; sourceTree = "<group>"; };
		BD55B5F92A8F9DF50061C26B /* farmhouse_children */ = {isa = PBXFileReference; lastKnownFileType = folder; name = farmhouse_children; path = ../../../../Downloads/farmhouse_children; sourceTree = "<group>"; };
		BD55B5FB2A8F9E060061C26B /* nevermind_handwritting */ = {isa = PBXFileReference; lastKnownFileType = folder; name = nevermind_handwritting; path = ../../../../Downloads/nevermind_handwritting; sourceTree = "<group>"; };
		BD55B5FD2A8F9E130061C26B /* sansilk */ = {isa = PBXFileReference; lastKnownFileType = folder; name = sansilk; path = ../../../../Downloads/sansilk; sourceTree = "<group>"; };
		BD55B5FF2A8F9E1E0061C26B /* starla */ = {isa = PBXFileReference; lastKnownFileType = folder; name = starla; path = ../../../../Downloads/starla; sourceTree = "<group>"; };
		BD55B6012A8F9E2A0061C26B /* stefiont */ = {isa = PBXFileReference; lastKnownFileType = folder; name = stefiont; path = ../../../../Downloads/stefiont; sourceTree = "<group>"; };
		BD58F9F52A8D4F1100BB73DD /* LetterItem.swift */ = {isa = PBXFileReference; lastKnownFileType = sourcecode.swift; path = LetterItem.swift; sourceTree = "<group>"; };
		BD7177C02A8BD5FB0048B6E9 /* WriteView.swift */ = {isa = PBXFileReference; lastKnownFileType = sourcecode.swift; path = WriteView.swift; sourceTree = "<group>"; };
		BD7177C22A8BD6060048B6E9 /* MyLettersView.swift */ = {isa = PBXFileReference; lastKnownFileType = sourcecode.swift; path = MyLettersView.swift; sourceTree = "<group>"; };
		BD7177C42A8BD6100048B6E9 /* AboutUsView.swift */ = {isa = PBXFileReference; lastKnownFileType = sourcecode.swift; path = AboutUsView.swift; sourceTree = "<group>"; };
		BD7177C62A8BD85D0048B6E9 /* WriteSecondView.swift */ = {isa = PBXFileReference; lastKnownFileType = sourcecode.swift; path = WriteSecondView.swift; sourceTree = "<group>"; };
		BD7A6CFF2A8E77F6000263E4 /* NeverMindHandwriting-Regular.ttf */ = {isa = PBXFileReference; lastKnownFileType = file; name = "NeverMindHandwriting-Regular.ttf"; path = "../../../Downloads/nevermind_handwritting/NeverMindHandwritting/ttf/NeverMindHandwriting-Regular.ttf"; sourceTree = "<group>"; };
		BD9142B22A8BD19D00F62896 /* ReadView.swift */ = {isa = PBXFileReference; lastKnownFileType = sourcecode.swift; path = ReadView.swift; sourceTree = "<group>"; };
		BDAE19BC2A8D12B000BD22B7 /* LetterOneView.swift */ = {isa = PBXFileReference; lastKnownFileType = sourcecode.swift; path = LetterOneView.swift; sourceTree = "<group>"; };
		BDAE19BE2A8D12BC00BD22B7 /* LetterTwoView.swift */ = {isa = PBXFileReference; lastKnownFileType = sourcecode.swift; path = LetterTwoView.swift; sourceTree = "<group>"; };
		BDAE19C02A8D150300BD22B7 /* LetterThreeView.swift */ = {isa = PBXFileReference; lastKnownFileType = sourcecode.swift; path = LetterThreeView.swift; sourceTree = "<group>"; };
		BDB7867C2A8C0A7A0059397A /* WriteThirdView.swift */ = {isa = PBXFileReference; lastKnownFileType = sourcecode.swift; path = WriteThirdView.swift; sourceTree = "<group>"; };
		BDC619332A8EA42900703E76 /* WrittenLetterView.swift */ = {isa = PBXFileReference; lastKnownFileType = sourcecode.swift; path = WrittenLetterView.swift; sourceTree = "<group>"; };
/* End PBXFileReference section */

/* Begin PBXFrameworksBuildPhase section */
		BD1367982A8AB66C004DA374 /* Frameworks */ = {
			isa = PBXFrameworksBuildPhase;
			buildActionMask = 2147483647;
			files = (
			);
			runOnlyForDeploymentPostprocessing = 0;
		};
		BD1367A82A8AB66D004DA374 /* Frameworks */ = {
			isa = PBXFrameworksBuildPhase;
			buildActionMask = 2147483647;
			files = (
			);
			runOnlyForDeploymentPostprocessing = 0;
		};
		BD1367B22A8AB66D004DA374 /* Frameworks */ = {
			isa = PBXFrameworksBuildPhase;
			buildActionMask = 2147483647;
			files = (
			);
			runOnlyForDeploymentPostprocessing = 0;
		};
/* End PBXFrameworksBuildPhase section */

/* Begin PBXGroup section */
		BD1367922A8AB66C004DA374 = {
			isa = PBXGroup;
			children = (
				BD7A6CFF2A8E77F6000263E4 /* NeverMindHandwriting-Regular.ttf */,
				BD36EA6A2A8E75270044BEA2 /* Curlings.ttf */,
				BD36EA682A8E74980044BEA2 /* Farmhouse Children.otf */,
				BD36EA662A8E73FC0044BEA2 /* Dufanthe.otf */,
				BD36EA642A8E73A90044BEA2 /* Sansilk.otf */,
				BD36EA602A8E73270044BEA2 /* Stefiont-Regular.otf */,
				BD36EA5D2A8E6BD90044BEA2 /* Starla.otf */,
				BD13679D2A8AB66C004DA374 /* withlove */,
				BD1367AE2A8AB66D004DA374 /* withloveTests */,
				BD1367B82A8AB66D004DA374 /* withloveUITests */,
				BD13679C2A8AB66C004DA374 /* Products */,
			);
			sourceTree = "<group>";
		};
		BD13679C2A8AB66C004DA374 /* Products */ = {
			isa = PBXGroup;
			children = (
				BD13679B2A8AB66C004DA374 /* withlove.app */,
				BD1367AB2A8AB66D004DA374 /* withloveTests.xctest */,
				BD1367B52A8AB66D004DA374 /* withloveUITests.xctest */,
			);
			name = Products;
			sourceTree = "<group>";
		};
		BD13679D2A8AB66C004DA374 /* withlove */ = {
			isa = PBXGroup;
			children = (
				BD55B6012A8F9E2A0061C26B /* stefiont */,
				BD55B5FF2A8F9E1E0061C26B /* starla */,
				BD55B5FD2A8F9E130061C26B /* sansilk */,
				BD55B5FB2A8F9E060061C26B /* nevermind_handwritting */,
				BD55B5F92A8F9DF50061C26B /* farmhouse_children */,
				BD55B5F72A8F9DEA0061C26B /* dufanthe */,
				BD36EA5F2A8E6BEE0044BEA2 /* Info.plist */,
				BD13679E2A8AB66C004DA374 /* withloveApp.swift */,
				BD1367A02A8AB66C004DA374 /* ContentView.swift */,
				BD7177C02A8BD5FB0048B6E9 /* WriteView.swift */,
				BD7177C62A8BD85D0048B6E9 /* WriteSecondView.swift */,
				BDB7867C2A8C0A7A0059397A /* WriteThirdView.swift */,
				BD7177C22A8BD6060048B6E9 /* MyLettersView.swift */,
				BD58F9F52A8D4F1100BB73DD /* LetterItem.swift */,
				BDC619332A8EA42900703E76 /* WrittenLetterView.swift */,
				BD7177C42A8BD6100048B6E9 /* AboutUsView.swift */,
				BD9142B22A8BD19D00F62896 /* ReadView.swift */,
				BDAE19BC2A8D12B000BD22B7 /* LetterOneView.swift */,
				BDAE19BE2A8D12BC00BD22B7 /* LetterTwoView.swift */,
				BDAE19C02A8D150300BD22B7 /* LetterThreeView.swift */,
				BD1367A22A8AB66D004DA374 /* Assets.xcassets */,
				BD1367A42A8AB66D004DA374 /* Preview Content */,
			);
			path = withlove;
			sourceTree = "<group>";
		};
		BD1367A42A8AB66D004DA374 /* Preview Content */ = {
			isa = PBXGroup;
			children = (
				BD1367A52A8AB66D004DA374 /* Preview Assets.xcassets */,
			);
			path = "Preview Content";
			sourceTree = "<group>";
		};
		BD1367AE2A8AB66D004DA374 /* withloveTests */ = {
			isa = PBXGroup;
			children = (
				BD1367AF2A8AB66D004DA374 /* withloveTests.swift */,
			);
			path = withloveTests;
			sourceTree = "<group>";
		};
		BD1367B82A8AB66D004DA374 /* withloveUITests */ = {
			isa = PBXGroup;
			children = (
				BD1367B92A8AB66D004DA374 /* withloveUITests.swift */,
				BD1367BB2A8AB66D004DA374 /* withloveUITestsLaunchTests.swift */,
			);
			path = withloveUITests;
			sourceTree = "<group>";
		};
/* End PBXGroup section */

/* Begin PBXNativeTarget section */
		BD13679A2A8AB66C004DA374 /* withlove */ = {
			isa = PBXNativeTarget;
			buildConfigurationList = BD1367BF2A8AB66D004DA374 /* Build configuration list for PBXNativeTarget "withlove" */;
			buildPhases = (
				BD1367972A8AB66C004DA374 /* Sources */,
				BD1367982A8AB66C004DA374 /* Frameworks */,
				BD1367992A8AB66C004DA374 /* Resources */,
			);
			buildRules = (
			);
			dependencies = (
			);
			name = withlove;
			productName = withlove;
			productReference = BD13679B2A8AB66C004DA374 /* withlove.app */;
			productType = "com.apple.product-type.application";
		};
		BD1367AA2A8AB66D004DA374 /* withloveTests */ = {
			isa = PBXNativeTarget;
			buildConfigurationList = BD1367C22A8AB66D004DA374 /* Build configuration list for PBXNativeTarget "withloveTests" */;
			buildPhases = (
				BD1367A72A8AB66D004DA374 /* Sources */,
				BD1367A82A8AB66D004DA374 /* Frameworks */,
				BD1367A92A8AB66D004DA374 /* Resources */,
			);
			buildRules = (
			);
			dependencies = (
				BD1367AD2A8AB66D004DA374 /* PBXTargetDependency */,
			);
			name = withloveTests;
			productName = withloveTests;
			productReference = BD1367AB2A8AB66D004DA374 /* withloveTests.xctest */;
			productType = "com.apple.product-type.bundle.unit-test";
		};
		BD1367B42A8AB66D004DA374 /* withloveUITests */ = {
			isa = PBXNativeTarget;
			buildConfigurationList = BD1367C52A8AB66D004DA374 /* Build configuration list for PBXNativeTarget "withloveUITests" */;
			buildPhases = (
				BD1367B12A8AB66D004DA374 /* Sources */,
				BD1367B22A8AB66D004DA374 /* Frameworks */,
				BD1367B32A8AB66D004DA374 /* Resources */,
			);
			buildRules = (
			);
			dependencies = (
				BD1367B72A8AB66D004DA374 /* PBXTargetDependency */,
			);
			name = withloveUITests;
			productName = withloveUITests;
			productReference = BD1367B52A8AB66D004DA374 /* withloveUITests.xctest */;
			productType = "com.apple.product-type.bundle.ui-testing";
		};
/* End PBXNativeTarget section */

/* Begin PBXProject section */
		BD1367932A8AB66C004DA374 /* Project object */ = {
			isa = PBXProject;
			attributes = {
				BuildIndependentTargetsInParallel = 1;
				LastSwiftUpdateCheck = 1430;
				LastUpgradeCheck = 1430;
				TargetAttributes = {
					BD13679A2A8AB66C004DA374 = {
						CreatedOnToolsVersion = 14.3.1;
					};
					BD1367AA2A8AB66D004DA374 = {
						CreatedOnToolsVersion = 14.3.1;
						TestTargetID = BD13679A2A8AB66C004DA374;
					};
					BD1367B42A8AB66D004DA374 = {
						CreatedOnToolsVersion = 14.3.1;
						TestTargetID = BD13679A2A8AB66C004DA374;
					};
				};
			};
			buildConfigurationList = BD1367962A8AB66C004DA374 /* Build configuration list for PBXProject "withlove" */;
			compatibilityVersion = "Xcode 14.0";
			developmentRegion = en;
			hasScannedForEncodings = 0;
			knownRegions = (
				en,
				Base,
			);
			mainGroup = BD1367922A8AB66C004DA374;
			productRefGroup = BD13679C2A8AB66C004DA374 /* Products */;
			projectDirPath = "";
			projectRoot = "";
			targets = (
				BD13679A2A8AB66C004DA374 /* withlove */,
				BD1367AA2A8AB66D004DA374 /* withloveTests */,
				BD1367B42A8AB66D004DA374 /* withloveUITests */,
			);
		};
/* End PBXProject section */

/* Begin PBXResourcesBuildPhase section */
		BD1367992A8AB66C004DA374 /* Resources */ = {
			isa = PBXResourcesBuildPhase;
			buildActionMask = 2147483647;
			files = (
				BD7A6D002A8E77F6000263E4 /* NeverMindHandwriting-Regular.ttf in Resources */,
				BD1367A62A8AB66D004DA374 /* Preview Assets.xcassets in Resources */,
				BD1367A32A8AB66D004DA374 /* Assets.xcassets in Resources */,
				BD36EA672A8E73FC0044BEA2 /* Dufanthe.otf in Resources */,
				BD55B5FC2A8F9E060061C26B /* nevermind_handwritting in Resources */,
				BD55B6002A8F9E1E0061C26B /* starla in Resources */,
				BD55B5FA2A8F9DF50061C26B /* farmhouse_children in Resources */,
				BD36EA612A8E73270044BEA2 /* Stefiont-Regular.otf in Resources */,
				BD55B5FE2A8F9E130061C26B /* sansilk in Resources */,
				BD36EA5E2A8E6BDA0044BEA2 /* Starla.otf in Resources */,
				BD36EA652A8E73A90044BEA2 /* Sansilk.otf in Resources */,
				BD36EA692A8E74980044BEA2 /* Farmhouse Children.otf in Resources */,
				BD36EA6B2A8E75270044BEA2 /* Curlings.ttf in Resources */,
				BD55B6022A8F9E2A0061C26B /* stefiont in Resources */,
				BD55B5F82A8F9DEA0061C26B /* dufanthe in Resources */,
			);
			runOnlyForDeploymentPostprocessing = 0;
		};
		BD1367A92A8AB66D004DA374 /* Resources */ = {
			isa = PBXResourcesBuildPhase;
			buildActionMask = 2147483647;
			files = (
			);
			runOnlyForDeploymentPostprocessing = 0;
		};
		BD1367B32A8AB66D004DA374 /* Resources */ = {
			isa = PBXResourcesBuildPhase;
			buildActionMask = 2147483647;
			files = (
			);
			runOnlyForDeploymentPostprocessing = 0;
		};
/* End PBXResourcesBuildPhase section */

/* Begin PBXSourcesBuildPhase section */
		BD1367972A8AB66C004DA374 /* Sources */ = {
			isa = PBXSourcesBuildPhase;
			buildActionMask = 2147483647;
			files = (
				BDB7867D2A8C0A7A0059397A /* WriteThirdView.swift in Sources */,
				BD7177C12A8BD5FB0048B6E9 /* WriteView.swift in Sources */,
				BD7177C32A8BD6060048B6E9 /* MyLettersView.swift in Sources */,
				BD1367A12A8AB66C004DA374 /* ContentView.swift in Sources */,
				BDAE19BD2A8D12B000BD22B7 /* LetterOneView.swift in Sources */,
				BDAE19BF2A8D12BC00BD22B7 /* LetterTwoView.swift in Sources */,
				BD58F9F62A8D4F1100BB73DD /* LetterItem.swift in Sources */,
				BD9142B32A8BD19D00F62896 /* ReadView.swift in Sources */,
				BDC619342A8EA42900703E76 /* WrittenLetterView.swift in Sources */,
				BD7177C52A8BD6100048B6E9 /* AboutUsView.swift in Sources */,
				BDAE19C12A8D150300BD22B7 /* LetterThreeView.swift in Sources */,
				BD13679F2A8AB66C004DA374 /* withloveApp.swift in Sources */,
				BD7177C72A8BD85D0048B6E9 /* WriteSecondView.swift in Sources */,
			);
			runOnlyForDeploymentPostprocessing = 0;
		};
		BD1367A72A8AB66D004DA374 /* Sources */ = {
			isa = PBXSourcesBuildPhase;
			buildActionMask = 2147483647;
			files = (
				BD1367B02A8AB66D004DA374 /* withloveTests.swift in Sources */,
			);
			runOnlyForDeploymentPostprocessing = 0;
		};
		BD1367B12A8AB66D004DA374 /* Sources */ = {
			isa = PBXSourcesBuildPhase;
			buildActionMask = 2147483647;
			files = (
				BD1367BC2A8AB66D004DA374 /* withloveUITestsLaunchTests.swift in Sources */,
				BD1367BA2A8AB66D004DA374 /* withloveUITests.swift in Sources */,
			);
			runOnlyForDeploymentPostprocessing = 0;
		};
/* End PBXSourcesBuildPhase section */

/* Begin PBXTargetDependency section */
		BD1367AD2A8AB66D004DA374 /* PBXTargetDependency */ = {
			isa = PBXTargetDependency;
			target = BD13679A2A8AB66C004DA374 /* withlove */;
			targetProxy = BD1367AC2A8AB66D004DA374 /* PBXContainerItemProxy */;
		};
		BD1367B72A8AB66D004DA374 /* PBXTargetDependency */ = {
			isa = PBXTargetDependency;
			target = BD13679A2A8AB66C004DA374 /* withlove */;
			targetProxy = BD1367B62A8AB66D004DA374 /* PBXContainerItemProxy */;
		};
/* End PBXTargetDependency section */

/* Begin XCBuildConfiguration section */
		BD1367BD2A8AB66D004DA374 /* Debug */ = {
			isa = XCBuildConfiguration;
			buildSettings = {
				ALWAYS_SEARCH_USER_PATHS = NO;
				CLANG_ANALYZER_NONNULL = YES;
				CLANG_ANALYZER_NUMBER_OBJECT_CONVERSION = YES_AGGRESSIVE;
				CLANG_CXX_LANGUAGE_STANDARD = "gnu++20";
				CLANG_ENABLE_MODULES = YES;
				CLANG_ENABLE_OBJC_ARC = YES;
				CLANG_ENABLE_OBJC_WEAK = YES;
				CLANG_WARN_BLOCK_CAPTURE_AUTORELEASING = YES;
				CLANG_WARN_BOOL_CONVERSION = YES;
				CLANG_WARN_COMMA = YES;
				CLANG_WARN_CONSTANT_CONVERSION = YES;
				CLANG_WARN_DEPRECATED_OBJC_IMPLEMENTATIONS = YES;
				CLANG_WARN_DIRECT_OBJC_ISA_USAGE = YES_ERROR;
				CLANG_WARN_DOCUMENTATION_COMMENTS = YES;
				CLANG_WARN_EMPTY_BODY = YES;
				CLANG_WARN_ENUM_CONVERSION = YES;
				CLANG_WARN_INFINITE_RECURSION = YES;
				CLANG_WARN_INT_CONVERSION = YES;
				CLANG_WARN_NON_LITERAL_NULL_CONVERSION = YES;
				CLANG_WARN_OBJC_IMPLICIT_RETAIN_SELF = YES;
				CLANG_WARN_OBJC_LITERAL_CONVERSION = YES;
				CLANG_WARN_OBJC_ROOT_CLASS = YES_ERROR;
				CLANG_WARN_QUOTED_INCLUDE_IN_FRAMEWORK_HEADER = YES;
				CLANG_WARN_RANGE_LOOP_ANALYSIS = YES;
				CLANG_WARN_STRICT_PROTOTYPES = YES;
				CLANG_WARN_SUSPICIOUS_MOVE = YES;
				CLANG_WARN_UNGUARDED_AVAILABILITY = YES_AGGRESSIVE;
				CLANG_WARN_UNREACHABLE_CODE = YES;
				CLANG_WARN__DUPLICATE_METHOD_MATCH = YES;
				COPY_PHASE_STRIP = NO;
				DEBUG_INFORMATION_FORMAT = dwarf;
				ENABLE_STRICT_OBJC_MSGSEND = YES;
				ENABLE_TESTABILITY = YES;
				GCC_C_LANGUAGE_STANDARD = gnu11;
				GCC_DYNAMIC_NO_PIC = NO;
				GCC_NO_COMMON_BLOCKS = YES;
				GCC_OPTIMIZATION_LEVEL = 0;
				GCC_PREPROCESSOR_DEFINITIONS = (
					"DEBUG=1",
					"$(inherited)",
				);
				GCC_WARN_64_TO_32_BIT_CONVERSION = YES;
				GCC_WARN_ABOUT_RETURN_TYPE = YES_ERROR;
				GCC_WARN_UNDECLARED_SELECTOR = YES;
				GCC_WARN_UNINITIALIZED_AUTOS = YES_AGGRESSIVE;
				GCC_WARN_UNUSED_FUNCTION = YES;
				GCC_WARN_UNUSED_VARIABLE = YES;
				IPHONEOS_DEPLOYMENT_TARGET = 16.4;
				MTL_ENABLE_DEBUG_INFO = INCLUDE_SOURCE;
				MTL_FAST_MATH = YES;
				ONLY_ACTIVE_ARCH = YES;
				SDKROOT = iphoneos;
				SWIFT_ACTIVE_COMPILATION_CONDITIONS = DEBUG;
				SWIFT_OPTIMIZATION_LEVEL = "-Onone";
			};
			name = Debug;
		};
		BD1367BE2A8AB66D004DA374 /* Release */ = {
			isa = XCBuildConfiguration;
			buildSettings = {
				ALWAYS_SEARCH_USER_PATHS = NO;
				CLANG_ANALYZER_NONNULL = YES;
				CLANG_ANALYZER_NUMBER_OBJECT_CONVERSION = YES_AGGRESSIVE;
				CLANG_CXX_LANGUAGE_STANDARD = "gnu++20";
				CLANG_ENABLE_MODULES = YES;
				CLANG_ENABLE_OBJC_ARC = YES;
				CLANG_ENABLE_OBJC_WEAK = YES;
				CLANG_WARN_BLOCK_CAPTURE_AUTORELEASING = YES;
				CLANG_WARN_BOOL_CONVERSION = YES;
				CLANG_WARN_COMMA = YES;
				CLANG_WARN_CONSTANT_CONVERSION = YES;
				CLANG_WARN_DEPRECATED_OBJC_IMPLEMENTATIONS = YES;
				CLANG_WARN_DIRECT_OBJC_ISA_USAGE = YES_ERROR;
				CLANG_WARN_DOCUMENTATION_COMMENTS = YES;
				CLANG_WARN_EMPTY_BODY = YES;
				CLANG_WARN_ENUM_CONVERSION = YES;
				CLANG_WARN_INFINITE_RECURSION = YES;
				CLANG_WARN_INT_CONVERSION = YES;
				CLANG_WARN_NON_LITERAL_NULL_CONVERSION = YES;
				CLANG_WARN_OBJC_IMPLICIT_RETAIN_SELF = YES;
				CLANG_WARN_OBJC_LITERAL_CONVERSION = YES;
				CLANG_WARN_OBJC_ROOT_CLASS = YES_ERROR;
				CLANG_WARN_QUOTED_INCLUDE_IN_FRAMEWORK_HEADER = YES;
				CLANG_WARN_RANGE_LOOP_ANALYSIS = YES;
				CLANG_WARN_STRICT_PROTOTYPES = YES;
				CLANG_WARN_SUSPICIOUS_MOVE = YES;
				CLANG_WARN_UNGUARDED_AVAILABILITY = YES_AGGRESSIVE;
				CLANG_WARN_UNREACHABLE_CODE = YES;
				CLANG_WARN__DUPLICATE_METHOD_MATCH = YES;
				COPY_PHASE_STRIP = NO;
				DEBUG_INFORMATION_FORMAT = "dwarf-with-dsym";
				ENABLE_NS_ASSERTIONS = NO;
				ENABLE_STRICT_OBJC_MSGSEND = YES;
				GCC_C_LANGUAGE_STANDARD = gnu11;
				GCC_NO_COMMON_BLOCKS = YES;
				GCC_WARN_64_TO_32_BIT_CONVERSION = YES;
				GCC_WARN_ABOUT_RETURN_TYPE = YES_ERROR;
				GCC_WARN_UNDECLARED_SELECTOR = YES;
				GCC_WARN_UNINITIALIZED_AUTOS = YES_AGGRESSIVE;
				GCC_WARN_UNUSED_FUNCTION = YES;
				GCC_WARN_UNUSED_VARIABLE = YES;
				IPHONEOS_DEPLOYMENT_TARGET = 16.4;
				MTL_ENABLE_DEBUG_INFO = NO;
				MTL_FAST_MATH = YES;
				SDKROOT = iphoneos;
				SWIFT_COMPILATION_MODE = wholemodule;
				SWIFT_OPTIMIZATION_LEVEL = "-O";
				VALIDATE_PRODUCT = YES;
			};
			name = Release;
		};
		BD1367C02A8AB66D004DA374 /* Debug */ = {
			isa = XCBuildConfiguration;
			buildSettings = {
				ASSETCATALOG_COMPILER_APPICON_NAME = AppIcon;
				ASSETCATALOG_COMPILER_GLOBAL_ACCENT_COLOR_NAME = AccentColor;
				CODE_SIGN_STYLE = Automatic;
				CURRENT_PROJECT_VERSION = 1;
				DEVELOPMENT_ASSET_PATHS = "\"withlove/Preview Content\"";
				ENABLE_PREVIEWS = YES;
				GENERATE_INFOPLIST_FILE = YES;
				INFOPLIST_FILE = withlove/Info.plist;
				INFOPLIST_KEY_UIApplicationSceneManifest_Generation = YES;
				INFOPLIST_KEY_UIApplicationSupportsIndirectInputEvents = YES;
				INFOPLIST_KEY_UILaunchScreen_Generation = YES;
				INFOPLIST_KEY_UISupportedInterfaceOrientations_iPad = "UIInterfaceOrientationPortrait UIInterfaceOrientationPortraitUpsideDown UIInterfaceOrientationLandscapeLeft UIInterfaceOrientationLandscapeRight";
				INFOPLIST_KEY_UISupportedInterfaceOrientations_iPhone = "UIInterfaceOrientationPortrait UIInterfaceOrientationLandscapeLeft UIInterfaceOrientationLandscapeRight";
				LD_RUNPATH_SEARCH_PATHS = (
					"$(inherited)",
					"@executable_path/Frameworks",
				);
				MARKETING_VERSION = 1.0;
				PRODUCT_BUNDLE_IDENTIFIER = kwk.withlove;
				PRODUCT_NAME = "$(TARGET_NAME)";
				SWIFT_EMIT_LOC_STRINGS = YES;
				SWIFT_VERSION = 5.0;
				TARGETED_DEVICE_FAMILY = "1,2";
			};
			name = Debug;
		};
		BD1367C12A8AB66D004DA374 /* Release */ = {
			isa = XCBuildConfiguration;
			buildSettings = {
				ASSETCATALOG_COMPILER_APPICON_NAME = AppIcon;
				ASSETCATALOG_COMPILER_GLOBAL_ACCENT_COLOR_NAME = AccentColor;
				CODE_SIGN_STYLE = Automatic;
				CURRENT_PROJECT_VERSION = 1;
				DEVELOPMENT_ASSET_PATHS = "\"withlove/Preview Content\"";
				ENABLE_PREVIEWS = YES;
				GENERATE_INFOPLIST_FILE = YES;
				INFOPLIST_FILE = withlove/Info.plist;
				INFOPLIST_KEY_UIApplicationSceneManifest_Generation = YES;
				INFOPLIST_KEY_UIApplicationSupportsIndirectInputEvents = YES;
				INFOPLIST_KEY_UILaunchScreen_Generation = YES;
				INFOPLIST_KEY_UISupportedInterfaceOrientations_iPad = "UIInterfaceOrientationPortrait UIInterfaceOrientationPortraitUpsideDown UIInterfaceOrientationLandscapeLeft UIInterfaceOrientationLandscapeRight";
				INFOPLIST_KEY_UISupportedInterfaceOrientations_iPhone = "UIInterfaceOrientationPortrait UIInterfaceOrientationLandscapeLeft UIInterfaceOrientationLandscapeRight";
				LD_RUNPATH_SEARCH_PATHS = (
					"$(inherited)",
					"@executable_path/Frameworks",
				);
				MARKETING_VERSION = 1.0;
				PRODUCT_BUNDLE_IDENTIFIER = kwk.withlove;
				PRODUCT_NAME = "$(TARGET_NAME)";
				SWIFT_EMIT_LOC_STRINGS = YES;
				SWIFT_VERSION = 5.0;
				TARGETED_DEVICE_FAMILY = "1,2";
			};
			name = Release;
		};
		BD1367C32A8AB66D004DA374 /* Debug */ = {
			isa = XCBuildConfiguration;
			buildSettings = {
				ALWAYS_EMBED_SWIFT_STANDARD_LIBRARIES = YES;
				BUNDLE_LOADER = "$(TEST_HOST)";
				CODE_SIGN_STYLE = Automatic;
				CURRENT_PROJECT_VERSION = 1;
				GENERATE_INFOPLIST_FILE = YES;
				IPHONEOS_DEPLOYMENT_TARGET = 16.4;
				MARKETING_VERSION = 1.0;
				PRODUCT_BUNDLE_IDENTIFIER = kwk.withloveTests;
				PRODUCT_NAME = "$(TARGET_NAME)";
				SWIFT_EMIT_LOC_STRINGS = NO;
				SWIFT_VERSION = 5.0;
				TARGETED_DEVICE_FAMILY = "1,2";
				TEST_HOST = "$(BUILT_PRODUCTS_DIR)/withlove.app/$(BUNDLE_EXECUTABLE_FOLDER_PATH)/withlove";
			};
			name = Debug;
		};
		BD1367C42A8AB66D004DA374 /* Release */ = {
			isa = XCBuildConfiguration;
			buildSettings = {
				ALWAYS_EMBED_SWIFT_STANDARD_LIBRARIES = YES;
				BUNDLE_LOADER = "$(TEST_HOST)";
				CODE_SIGN_STYLE = Automatic;
				CURRENT_PROJECT_VERSION = 1;
				GENERATE_INFOPLIST_FILE = YES;
				IPHONEOS_DEPLOYMENT_TARGET = 16.4;
				MARKETING_VERSION = 1.0;
				PRODUCT_BUNDLE_IDENTIFIER = kwk.withloveTests;
				PRODUCT_NAME = "$(TARGET_NAME)";
				SWIFT_EMIT_LOC_STRINGS = NO;
				SWIFT_VERSION = 5.0;
				TARGETED_DEVICE_FAMILY = "1,2";
				TEST_HOST = "$(BUILT_PRODUCTS_DIR)/withlove.app/$(BUNDLE_EXECUTABLE_FOLDER_PATH)/withlove";
			};
			name = Release;
		};
		BD1367C62A8AB66D004DA374 /* Debug */ = {
			isa = XCBuildConfiguration;
			buildSettings = {
				ALWAYS_EMBED_SWIFT_STANDARD_LIBRARIES = YES;
				CODE_SIGN_STYLE = Automatic;
				CURRENT_PROJECT_VERSION = 1;
				GENERATE_INFOPLIST_FILE = YES;
				MARKETING_VERSION = 1.0;
				PRODUCT_BUNDLE_IDENTIFIER = kwk.withloveUITests;
				PRODUCT_NAME = "$(TARGET_NAME)";
				SWIFT_EMIT_LOC_STRINGS = NO;
				SWIFT_VERSION = 5.0;
				TARGETED_DEVICE_FAMILY = "1,2";
				TEST_TARGET_NAME = withlove;
			};
			name = Debug;
		};
		BD1367C72A8AB66D004DA374 /* Release */ = {
			isa = XCBuildConfiguration;
			buildSettings = {
				ALWAYS_EMBED_SWIFT_STANDARD_LIBRARIES = YES;
				CODE_SIGN_STYLE = Automatic;
				CURRENT_PROJECT_VERSION = 1;
				GENERATE_INFOPLIST_FILE = YES;
				MARKETING_VERSION = 1.0;
				PRODUCT_BUNDLE_IDENTIFIER = kwk.withloveUITests;
				PRODUCT_NAME = "$(TARGET_NAME)";
				SWIFT_EMIT_LOC_STRINGS = NO;
				SWIFT_VERSION = 5.0;
				TARGETED_DEVICE_FAMILY = "1,2";
				TEST_TARGET_NAME = withlove;
			};
			name = Release;
		};
/* End XCBuildConfiguration section */

/* Begin XCConfigurationList section */
		BD1367962A8AB66C004DA374 /* Build configuration list for PBXProject "withlove" */ = {
			isa = XCConfigurationList;
			buildConfigurations = (
				BD1367BD2A8AB66D004DA374 /* Debug */,
				BD1367BE2A8AB66D004DA374 /* Release */,
			);
			defaultConfigurationIsVisible = 0;
			defaultConfigurationName = Release;
		};
		BD1367BF2A8AB66D004DA374 /* Build configuration list for PBXNativeTarget "withlove" */ = {
			isa = XCConfigurationList;
			buildConfigurations = (
				BD1367C02A8AB66D004DA374 /* Debug */,
				BD1367C12A8AB66D004DA374 /* Release */,
			);
			defaultConfigurationIsVisible = 0;
			defaultConfigurationName = Release;
		};
		BD1367C22A8AB66D004DA374 /* Build configuration list for PBXNativeTarget "withloveTests" */ = {
			isa = XCConfigurationList;
			buildConfigurations = (
				BD1367C32A8AB66D004DA374 /* Debug */,
				BD1367C42A8AB66D004DA374 /* Release */,
			);
			defaultConfigurationIsVisible = 0;
			defaultConfigurationName = Release;
		};
		BD1367C52A8AB66D004DA374 /* Build configuration list for PBXNativeTarget "withloveUITests" */ = {
			isa = XCConfigurationList;
			buildConfigurations = (
				BD1367C62A8AB66D004DA374 /* Debug */,
				BD1367C72A8AB66D004DA374 /* Release */,
			);
			defaultConfigurationIsVisible = 0;
			defaultConfigurationName = Release;
		};
/* End XCConfigurationList section */
	};
	rootObject = BD1367932A8AB66C004DA374 /* Project object */;
}
